
Microsoft Visual Studio Solution File, Format Version 12.00
# Visual Studio Version 16
VisualStudioVersion = 16.0.31019.35
MinimumVisualStudioVersion = 10.0.40219.1
Project("{FAE04EC0-301F-11D3-BF4B-00C04F79EFBC}") = "Zadanie1", "WindowsFormsApp1\Zadanie1.csproj", "{43F5E119-96AA-4F4A-9DDC-A3BE80513926}"
EndProject
Global
	GlobalSection(SolutionConfigurationPlatforms) = preSolution
		Debug|Any CPU = Debug|Any CPU
		Release|Any CPU = Release|Any CPU
	EndGlobalSection
	GlobalSection(ProjectConfigurationPlatforms) = postSolution
		{43F5E119-96AA-4F4A-9DDC-A3BE80513926}.Debug|Any CPU.ActiveCfg = Debug|Any CPU
		{43F5E119-96AA-4F4A-9DDC-A3BE80513926}.Debug|Any CPU.Build.0 = Debug|Any CPU
		{43F5E119-96AA-4F4A-9DDC-A3BE80513926}.Release|Any CPU.ActiveCfg = Release|Any CPU
		{43F5E119-96AA-4F4A-9DDC-A3BE80513926}.Release|Any CPU.Build.0 = Release|Any CPU
	EndGlobalSection
	GlobalSection(SolutionProperties) = preSolution
		HideSolutionNode = FALSE
	EndGlobalSection
	GlobalSection(ExtensibilityGlobals) = postSolution
		SolutionGuid = {E0E148F7-6752-46CF-95BF-DC483D3176A5}
	EndGlobalSection
EndGlobal
